// !$*UTF8*$!
{
	archiveVersion = 1;
	classes = {
	};
	objectVersion = 50;
	objects = {

/* Begin PBXBuildFile section */
		31CD5AEB24139C8C009498F1 /* AppDelegate.swift in Sources */ = {isa = PBXBuildFile; fileRef = 31CD5AEA24139C8C009498F1 /* AppDelegate.swift */; };
		31CD5AED24139C8C009498F1 /* SceneDelegate.swift in Sources */ = {isa = PBXBuildFile; fileRef = 31CD5AEC24139C8C009498F1 /* SceneDelegate.swift */; };
		31CD5AEF24139C8C009498F1 /* ViewController.swift in Sources */ = {isa = PBXBuildFile; fileRef = 31CD5AEE24139C8C009498F1 /* ViewController.swift */; };
		31CD5AF224139C8C009498F1 /* Main.storyboard in Resources */ = {isa = PBXBuildFile; fileRef = 31CD5AF024139C8C009498F1 /* Main.storyboard */; };
		31CD5AF424139C8D009498F1 /* Assets.xcassets in Resources */ = {isa = PBXBuildFile; fileRef = 31CD5AF324139C8D009498F1 /* Assets.xcassets */; };
		31CD5AF724139C8D009498F1 /* LaunchScreen.storyboard in Resources */ = {isa = PBXBuildFile; fileRef = 31CD5AF524139C8D009498F1 /* LaunchScreen.storyboard */; };
		31CD5B0224139C8D009498F1 /* DatePickerTests.swift in Sources */ = {isa = PBXBuildFile; fileRef = 31CD5B0124139C8D009498F1 /* DatePickerTests.swift */; };
		31CD5B0D24139C8D009498F1 /* DatePickerUITests.swift in Sources */ = {isa = PBXBuildFile; fileRef = 31CD5B0C24139C8D009498F1 /* DatePickerUITests.swift */; };
/* End PBXBuildFile section */

/* Begin PBXContainerItemProxy section */
		31CD5AFE24139C8D009498F1 /* PBXContainerItemProxy */ = {
			isa = PBXContainerItemProxy;
			containerPortal = 31CD5ADF24139C8C009498F1 /* Project object */;
			proxyType = 1;
			remoteGlobalIDString = 31CD5AE624139C8C009498F1;
			remoteInfo = DatePicker;
		};
		31CD5B0924139C8D009498F1 /* PBXContainerItemProxy */ = {
			isa = PBXContainerItemProxy;
			containerPortal = 31CD5ADF24139C8C009498F1 /* Project object */;
			proxyType = 1;
			remoteGlobalIDString = 31CD5AE624139C8C009498F1;
			remoteInfo = DatePicker;
		};
/* End PBXContainerItemProxy section */

/* Begin PBXFileReference section */
		31CD5AE724139C8C009498F1 /* DatePicker.app */ = {isa = PBXFileReference; explicitFileType = wrapper.application; includeInIndex = 0; path = DatePicker.app; sourceTree = BUILT_PRODUCTS_DIR; };
		31CD5AEA24139C8C009498F1 /* AppDelegate.swift */ = {isa = PBXFileReference; lastKnownFileType = sourcecode.swift; path = AppDelegate.swift; sourceTree = "<group>"; };
		31CD5AEC24139C8C009498F1 /* SceneDelegate.swift */ = {isa = PBXFileReference; lastKnownFileType = sourcecode.swift; path = SceneDelegate.swift; sourceTree = "<group>"; };
		31CD5AEE24139C8C009498F1 /* ViewController.swift */ = {isa = PBXFileReference; lastKnownFileType = sourcecode.swift; path = ViewController.swift; sourceTree = "<group>"; };
		31CD5AF124139C8C009498F1 /* Base */ = {isa = PBXFileReference; lastKnownFileType = file.storyboard; name = Base; path = Base.lproj/Main.storyboard; sourceTree = "<group>"; };
		31CD5AF324139C8D009498F1 /* Assets.xcassets */ = {isa = PBXFileReference; lastKnownFileType = folder.assetcatalog; path = Assets.xcassets; sourceTree = "<group>"; };
		31CD5AF624139C8D009498F1 /* Base */ = {isa = PBXFileReference; lastKnownFileType = file.storyboard; name = Base; path = Base.lproj/LaunchScreen.storyboard; sourceTree = "<group>"; };
		31CD5AF824139C8D009498F1 /* Info.plist */ = {isa = PBXFileReference; lastKnownFileType = text.plist.xml; path = Info.plist; sourceTree = "<group>"; };
		31CD5AFD24139C8D009498F1 /* DatePickerTests.xctest */ = {isa = PBXFileReference; explicitFileType = wrapper.cfbundle; includeInIndex = 0; path = DatePickerTests.xctest; sourceTree = BUILT_PRODUCTS_DIR; };
		31CD5B0124139C8D009498F1 /* DatePickerTests.swift */ = {isa = PBXFileReference; lastKnownFileType = sourcecode.swift; path = DatePickerTests.swift; sourceTree = "<group>"; };
		31CD5B0324139C8D009498F1 /* Info.plist */ = {isa = PBXFileReference; lastKnownFileType = text.plist.xml; path = Info.plist; sourceTree = "<group>"; };
		31CD5B0824139C8D009498F1 /* DatePickerUITests.xctest */ = {isa = PBXFileReference; explicitFileType = wrapper.cfbundle; includeInIndex = 0; path = DatePickerUITests.xctest; sourceTree = BUILT_PRODUCTS_DIR; };
		31CD5B0C24139C8D009498F1 /* DatePickerUITests.swift */ = {isa = PBXFileReference; lastKnownFileType = sourcecode.swift; path = DatePickerUITests.swift; sourceTree = "<group>"; };
		31CD5B0E24139C8D009498F1 /* Info.plist */ = {isa = PBXFileReference; lastKnownFileType = text.plist.xml; path = Info.plist; sourceTree = "<group>"; };
/* End PBXFileReference section */

/* Begin PBXFrameworksBuildPhase section */
		31CD5AE424139C8C009498F1 /* Frameworks */ = {
			isa = PBXFrameworksBuildPhase;
			buildActionMask = 2147483647;
			files = (
			);
			runOnlyForDeploymentPostprocessing = 0;
		};
		31CD5AFA24139C8D009498F1 /* Frameworks */ = {
			isa = PBXFrameworksBuildPhase;
			buildActionMask = 2147483647;
			files = (
			);
			runOnlyForDeploymentPostprocessing = 0;
		};
		31CD5B0524139C8D009498F1 /* Frameworks */ = {
			isa = PBXFrameworksBuildPhase;
			buildActionMask = 2147483647;
			files = (
			);
			runOnlyForDeploymentPostprocessing = 0;
		};
/* End PBXFrameworksBuildPhase section */

/* Begin PBXGroup section */
		31CD5ADE24139C8C009498F1 = {
			isa = PBXGroup;
			children = (
				31CD5AE924139C8C009498F1 /* DatePicker */,
				31CD5B0024139C8D009498F1 /* DatePickerTests */,
				31CD5B0B24139C8D009498F1 /* DatePickerUITests */,
				31CD5AE824139C8C009498F1 /* Products */,
			);
			sourceTree = "<group>";
		};
		31CD5AE824139C8C009498F1 /* Products */ = {
			isa = PBXGroup;
			children = (
				31CD5AE724139C8C009498F1 /* DatePicker.app */,
				31CD5AFD24139C8D009498F1 /* DatePickerTests.xctest */,
				31CD5B0824139C8D009498F1 /* DatePickerUITests.xctest */,
			);
			name = Products;
			sourceTree = "<group>";
		};
		31CD5AE924139C8C009498F1 /* DatePicker */ = {
			isa = PBXGroup;
			children = (
				31CD5AEA24139C8C009498F1 /* AppDelegate.swift */,
				31CD5AEC24139C8C009498F1 /* SceneDelegate.swift */,
				31CD5AEE24139C8C009498F1 /* ViewController.swift */,
				31CD5AF024139C8C009498F1 /* Main.storyboard */,
				31CD5AF324139C8D009498F1 /* Assets.xcassets */,
				31CD5AF524139C8D009498F1 /* LaunchScreen.storyboard */,
				31CD5AF824139C8D009498F1 /* Info.plist */,
			);
			path = DatePicker;
			sourceTree = "<group>";
		};
		31CD5B0024139C8D009498F1 /* DatePickerTests */ = {
			isa = PBXGroup;
			children = (
				31CD5B0124139C8D009498F1 /* DatePickerTests.swift */,
				31CD5B0324139C8D009498F1 /* Info.plist */,
			);
			path = DatePickerTests;
			sourceTree = "<group>";
		};
		31CD5B0B24139C8D009498F1 /* DatePickerUITests */ = {
			isa = PBXGroup;
			children = (
				31CD5B0C24139C8D009498F1 /* DatePickerUITests.swift */,
				31CD5B0E24139C8D009498F1 /* Info.plist */,
			);
			path = DatePickerUITests;
			sourceTree = "<group>";
		};
/* End PBXGroup section */

/* Begin PBXNativeTarget section */
		31CD5AE624139C8C009498F1 /* DatePicker */ = {
			isa = PBXNativeTarget;
			buildConfigurationList = 31CD5B1124139C8D009498F1 /* Build configuration list for PBXNativeTarget "DatePicker" */;
			buildPhases = (
				31CD5AE324139C8C009498F1 /* Sources */,
				31CD5AE424139C8C009498F1 /* Frameworks */,
				31CD5AE524139C8C009498F1 /* Resources */,
			);
			buildRules = (
			);
			dependencies = (
			);
			name = DatePicker;
			productName = DatePicker;
			productReference = 31CD5AE724139C8C009498F1 /* DatePicker.app */;
			productType = "com.apple.product-type.application";
		};
		31CD5AFC24139C8D009498F1 /* DatePickerTests */ = {
			isa = PBXNativeTarget;
			buildConfigurationList = 31CD5B1424139C8D009498F1 /* Build configuration list for PBXNativeTarget "DatePickerTests" */;
			buildPhases = (
				31CD5AF924139C8D009498F1 /* Sources */,
				31CD5AFA24139C8D009498F1 /* Frameworks */,
				31CD5AFB24139C8D009498F1 /* Resources */,
			);
			buildRules = (
			);
			dependencies = (
				31CD5AFF24139C8D009498F1 /* PBXTargetDependency */,
			);
			name = DatePickerTests;
			productName = DatePickerTests;
			productReference = 31CD5AFD24139C8D009498F1 /* DatePickerTests.xctest */;
			productType = "com.apple.product-type.bundle.unit-test";
		};
		31CD5B0724139C8D009498F1 /* DatePickerUITests */ = {
			isa = PBXNativeTarget;
			buildConfigurationList = 31CD5B1724139C8D009498F1 /* Build configuration list for PBXNativeTarget "DatePickerUITests" */;
			buildPhases = (
				31CD5B0424139C8D009498F1 /* Sources */,
				31CD5B0524139C8D009498F1 /* Frameworks */,
				31CD5B0624139C8D009498F1 /* Resources */,
			);
			buildRules = (
			);
			dependencies = (
				31CD5B0A24139C8D009498F1 /* PBXTargetDependency */,
			);
			name = DatePickerUITests;
			productName = DatePickerUITests;
			productReference = 31CD5B0824139C8D009498F1 /* DatePickerUITests.xctest */;
			productType = "com.apple.product-type.bundle.ui-testing";
		};
/* End PBXNativeTarget section */

/* Begin PBXProject section */
		31CD5ADF24139C8C009498F1 /* Project object */ = {
			isa = PBXProject;
			attributes = {
				LastSwiftUpdateCheck = 1130;
				LastUpgradeCheck = 1130;
				ORGANIZATIONNAME = panda;
				TargetAttributes = {
					31CD5AE624139C8C009498F1 = {
						CreatedOnToolsVersion = 11.3.1;
					};
					31CD5AFC24139C8D009498F1 = {
						CreatedOnToolsVersion = 11.3.1;
						TestTargetID = 31CD5AE624139C8C009498F1;
					};
					31CD5B0724139C8D009498F1 = {
						CreatedOnToolsVersion = 11.3.1;
						TestTargetID = 31CD5AE624139C8C009498F1;
					};
				};
			};
			buildConfigurationList = 31CD5AE224139C8C009498F1 /* Build configuration list for PBXProject "DatePicker" */;
			compatibilityVersion = "Xcode 9.3";
			developmentRegion = en;
			hasScannedForEncodings = 0;
			knownRegions = (
				en,
				Base,
			);
			mainGroup = 31CD5ADE24139C8C009498F1;
			productRefGroup = 31CD5AE824139C8C009498F1 /* Products */;
			projectDirPath = "";
			projectRoot = "";
			targets = (
				31CD5AE624139C8C009498F1 /* DatePicker */,
				31CD5AFC24139C8D009498F1 /* DatePickerTests */,
				31CD5B0724139C8D009498F1 /* DatePickerUITests */,
			);
		};
/* End PBXProject section */

/* Begin PBXResourcesBuildPhase section */
		31CD5AE524139C8C009498F1 /* Resources */ = {
			isa = PBXResourcesBuildPhase;
			buildActionMask = 2147483647;
			files = (
				31CD5AF724139C8D009498F1 /* LaunchScreen.storyboard in Resources */,
				31CD5AF424139C8D009498F1 /* Assets.xcassets in Resources */,
				31CD5AF224139C8C009498F1 /* Main.storyboard in Resources */,
			);
			runOnlyForDeploymentPostprocessing = 0;
		};
		31CD5AFB24139C8D009498F1 /* Resources */ = {
			isa = PBXResourcesBuildPhase;
			buildActionMask = 2147483647;
			files = (
			);
			runOnlyForDeploymentPostprocessing = 0;
		};
		31CD5B0624139C8D009498F1 /* Resources */ = {
			isa = PBXResourcesBuildPhase;
			buildActionMask = 2147483647;
			files = (
			);
			runOnlyForDeploymentPostprocessing = 0;
		};
/* End PBXResourcesBuildPhase section */

/* Begin PBXSourcesBuildPhase section */
		31CD5AE324139C8C009498F1 /* Sources */ = {
			isa = PBXSourcesBuildPhase;
			buildActionMask = 2147483647;
			files = (
				31CD5AEF24139C8C009498F1 /* ViewController.swift in Sources */,
				31CD5AEB24139C8C009498F1 /* AppDelegate.swift in Sources */,
				31CD5AED24139C8C009498F1 /* SceneDelegate.swift in Sources */,
			);
			runOnlyForDeploymentPostprocessing = 0;
		};
		31CD5AF924139C8D009498F1 /* Sources */ = {
			isa = PBXSourcesBuildPhase;
			buildActionMask = 2147483647;
			files = (
				31CD5B0224139C8D009498F1 /* DatePickerTests.swift in Sources */,
			);
			runOnlyForDeploymentPostprocessing = 0;
		};
		31CD5B0424139C8D009498F1 /* Sources */ = {
			isa = PBXSourcesBuildPhase;
			buildActionMask = 2147483647;
			files = (
				31CD5B0D24139C8D009498F1 /* DatePickerUITests.swift in Sources */,
			);
			runOnlyForDeploymentPostprocessing = 0;
		};
/* End PBXSourcesBuildPhase section */

/* Begin PBXTargetDependency section */
		31CD5AFF24139C8D009498F1 /* PBXTargetDependency */ = {
			isa = PBXTargetDependency;
			target = 31CD5AE624139C8C009498F1 /* DatePicker */;
			targetProxy = 31CD5AFE24139C8D009498F1 /* PBXContainerItemProxy */;
		};
		31CD5B0A24139C8D009498F1 /* PBXTargetDependency */ = {
			isa = PBXTargetDependency;
			target = 31CD5AE624139C8C009498F1 /* DatePicker */;
			targetProxy = 31CD5B0924139C8D009498F1 /* PBXContainerItemProxy */;
		};
/* End PBXTargetDependency section */

/* Begin PBXVariantGroup section */
		31CD5AF024139C8C009498F1 /* Main.storyboard */ = {
			isa = PBXVariantGroup;
			children = (
				31CD5AF124139C8C009498F1 /* Base */,
			);
			name = Main.storyboard;
			sourceTree = "<group>";
		};
		31CD5AF524139C8D009498F1 /* LaunchScreen.storyboard */ = {
			isa = PBXVariantGroup;
			children = (
				31CD5AF624139C8D009498F1 /* Base */,
			);
			name = LaunchScreen.storyboard;
			sourceTree = "<group>";
		};
/* End PBXVariantGroup section */

/* Begin XCBuildConfiguration section */
		31CD5B0F24139C8D009498F1 /* Debug */ = {
			isa = XCBuildConfiguration;
			buildSettings = {
				ALWAYS_SEARCH_USER_PATHS = NO;
				CLANG_ANALYZER_NONNULL = YES;
				CLANG_ANALYZER_NUMBER_OBJECT_CONVERSION = YES_AGGRESSIVE;
				CLANG_CXX_LANGUAGE_STANDARD = "gnu++14";
				CLANG_CXX_LIBRARY = "libc++";
				CLANG_ENABLE_MODULES = YES;
				CLANG_ENABLE_OBJC_ARC = YES;
				CLANG_ENABLE_OBJC_WEAK = YES;
				CLANG_WARN_BLOCK_CAPTURE_AUTORELEASING = YES;
				CLANG_WARN_BOOL_CONVERSION = YES;
				CLANG_WARN_COMMA = YES;
				CLANG_WARN_CONSTANT_CONVERSION = YES;
				CLANG_WARN_DEPRECATED_OBJC_IMPLEMENTATIONS = YES;
				CLANG_WARN_DIRECT_OBJC_ISA_USAGE = YES_ERROR;
				CLANG_WARN_DOCUMENTATION_COMMENTS = YES;
				CLANG_WARN_EMPTY_BODY = YES;
				CLANG_WARN_ENUM_CONVERSION = YES;
				CLANG_WARN_INFINITE_RECURSION = YES;
				CLANG_WARN_INT_CONVERSION = YES;
				CLANG_WARN_NON_LITERAL_NULL_CONVERSION = YES;
				CLANG_WARN_OBJC_IMPLICIT_RETAIN_SELF = YES;
				CLANG_WARN_OBJC_LITERAL_CONVERSION = YES;
				CLANG_WARN_OBJC_ROOT_CLASS = YES_ERROR;
				CLANG_WARN_RANGE_LOOP_ANALYSIS = YES;
				CLANG_WARN_STRICT_PROTOTYPES = YES;
				CLANG_WARN_SUSPICIOUS_MOVE = YES;
				CLANG_WARN_UNGUARDED_AVAILABILITY = YES_AGGRESSIVE;
				CLANG_WARN_UNREACHABLE_CODE = YES;
				CLANG_WARN__DUPLICATE_METHOD_MATCH = YES;
				COPY_PHASE_STRIP = NO;
				DEBUG_INFORMATION_FORMAT = dwarf;
				ENABLE_STRICT_OBJC_MSGSEND = YES;
				ENABLE_TESTABILITY = YES;
				GCC_C_LANGUAGE_STANDARD = gnu11;
				GCC_DYNAMIC_NO_PIC = NO;
				GCC_NO_COMMON_BLOCKS = YES;
				GCC_OPTIMIZATION_LEVEL = 0;
				GCC_PREPROCESSOR_DEFINITIONS = (
					"DEBUG=1",
					"$(inherited)",
				);
				GCC_WARN_64_TO_32_BIT_CONVERSION = YES;
				GCC_WARN_ABOUT_RETURN_TYPE = YES_ERROR;
				GCC_WARN_UNDECLARED_SELECTOR = YES;
				GCC_WARN_UNINITIALIZED_AUTOS = YES_AGGRESSIVE;
				GCC_WARN_UNUSED_FUNCTION = YES;
				GCC_WARN_UNUSED_VARIABLE = YES;
				IPHONEOS_DEPLOYMENT_TARGET = 13.2;
				MTL_ENABLE_DEBUG_INFO = INCLUDE_SOURCE;
				MTL_FAST_MATH = YES;
				ONLY_ACTIVE_ARCH = YES;
				SDKROOT = iphoneos;
				SWIFT_ACTIVE_COMPILATION_CONDITIONS = DEBUG;
				SWIFT_OPTIMIZATION_LEVEL = "-Onone";
			};
			name = Debug;
		};
		31CD5B1024139C8D009498F1 /* Release */ = {
			isa = XCBuildConfiguration;
			buildSettings = {
				ALWAYS_SEARCH_USER_PATHS = NO;
				CLANG_ANALYZER_NONNULL = YES;
				CLANG_ANALYZER_NUMBER_OBJECT_CONVERSION = YES_AGGRESSIVE;
				CLANG_CXX_LANGUAGE_STANDARD = "gnu++14";
				CLANG_CXX_LIBRARY = "libc++";
				CLANG_ENABLE_MODULES = YES;
				CLANG_ENABLE_OBJC_ARC = YES;
				CLANG_ENABLE_OBJC_WEAK = YES;
				CLANG_WARN_BLOCK_CAPTURE_AUTORELEASING = YES;
				CLANG_WARN_BOOL_CONVERSION = YES;
				CLANG_WARN_COMMA = YES;
				CLANG_WARN_CONSTANT_CONVERSION = YES;
				CLANG_WARN_DEPRECATED_OBJC_IMPLEMENTATIONS = YES;
				CLANG_WARN_DIRECT_OBJC_ISA_USAGE = YES_ERROR;
				CLANG_WARN_DOCUMENTATION_COMMENTS = YES;
				CLANG_WARN_EMPTY_BODY = YES;
				CLANG_WARN_ENUM_CONVERSION = YES;
				CLANG_WARN_INFINITE_RECURSION = YES;
				CLANG_WARN_INT_CONVERSION = YES;
				CLANG_WARN_NON_LITERAL_NULL_CONVERSION = YES;
				CLANG_WARN_OBJC_IMPLICIT_RETAIN_SELF = YES;
				CLANG_WARN_OBJC_LITERAL_CONVERSION = YES;
				CLANG_WARN_OBJC_ROOT_CLASS = YES_ERROR;
				CLANG_WARN_RANGE_LOOP_ANALYSIS = YES;
				CLANG_WARN_STRICT_PROTOTYPES = YES;
				CLANG_WARN_SUSPICIOUS_MOVE = YES;
				CLANG_WARN_UNGUARDED_AVAILABILITY = YES_AGGRESSIVE;
				CLANG_WARN_UNREACHABLE_CODE = YES;
				CLANG_WARN__DUPLICATE_METHOD_MATCH = YES;
				COPY_PHASE_STRIP = NO;
				DEBUG_INFORMATION_FORMAT = "dwarf-with-dsym";
				ENABLE_NS_ASSERTIONS = NO;
				ENABLE_STRICT_OBJC_MSGSEND = YES;
				GCC_C_LANGUAGE_STANDARD = gnu11;
				GCC_NO_COMMON_BLOCKS = YES;
				GCC_WARN_64_TO_32_BIT_CONVERSION = YES;
				GCC_WARN_ABOUT_RETURN_TYPE = YES_ERROR;
				GCC_WARN_UNDECLARED_SELECTOR = YES;
				GCC_WARN_UNINITIALIZED_AUTOS = YES_AGGRESSIVE;
				GCC_WARN_UNUSED_FUNCTION = YES;
				GCC_WARN_UNUSED_VARIABLE = YES;
				IPHONEOS_DEPLOYMENT_TARGET = 13.2;
				MTL_ENABLE_DEBUG_INFO = NO;
				MTL_FAST_MATH = YES;
				SDKROOT = iphoneos;
				SWIFT_COMPILATION_MODE = wholemodule;
				SWIFT_OPTIMIZATION_LEVEL = "-O";
				VALIDATE_PRODUCT = YES;
			};
			name = Release;
		};
		31CD5B1224139C8D009498F1 /* Debug */ = {
			isa = XCBuildConfiguration;
			buildSettings = {
				ASSETCATALOG_COMPILER_APPICON_NAME = AppIcon;
				CODE_SIGN_STYLE = Automatic;
				DEVELOPMENT_TEAM = D6Q72QVS55;
				INFOPLIST_FILE = DatePicker/Info.plist;
				IPHONEOS_DEPLOYMENT_TARGET = 11.0;
				LD_RUNPATH_SEARCH_PATHS = (
					"$(inherited)",
					"@executable_path/Frameworks",
				);
				PRODUCT_BUNDLE_IDENTIFIER = com.panda.DatePicker;
				PRODUCT_NAME = "$(TARGET_NAME)";
				SWIFT_VERSION = 5.0;
				TARGETED_DEVICE_FAMILY = 1;
			};
			name = Debug;
		};
		31CD5B1324139C8D009498F1 /* Release */ = {
			isa = XCBuildConfiguration;
			buildSettings = {
				ASSETCATALOG_COMPILER_APPICON_NAME = AppIcon;
				CODE_SIGN_STYLE = Automatic;
				DEVELOPMENT_TEAM = D6Q72QVS55;
				INFOPLIST_FILE = DatePicker/Info.plist;
				IPHONEOS_DEPLOYMENT_TARGET = 11.0;
				LD_RUNPATH_SEARCH_PATHS = (
					"$(inherited)",
					"@executable_path/Frameworks",
				);
				PRODUCT_BUNDLE_IDENTIFIER = com.panda.DatePicker;
				PRODUCT_NAME = "$(TARGET_NAME)";
				SWIFT_VERSION = 5.0;
				TARGETED_DEVICE_FAMILY = 1;
			};
			name = Release;
		};
		31CD5B1524139C8D009498F1 /* Debug */ = {
			isa = XCBuildConfiguration;
			buildSettings = {
				ALWAYS_EMBED_SWIFT_STANDARD_LIBRARIES = YES;
				BUNDLE_LOADER = "$(TEST_HOST)";
				CODE_SIGN_STYLE = Automatic;
				DEVELOPMENT_TEAM = D6Q72QVS55;
				INFOPLIST_FILE = DatePickerTests/Info.plist;
				IPHONEOS_DEPLOYMENT_TARGET = 13.2;
				LD_RUNPATH_SEARCH_PATHS = (
					"$(inherited)",
					"@executable_path/Frameworks",
					"@loader_path/Frameworks",
				);
				PRODUCT_BUNDLE_IDENTIFIER = com.panda.DatePickerTests;
				PRODUCT_NAME = "$(TARGET_NAME)";
				SWIFT_VERSION = 5.0;
				TARGETED_DEVICE_FAMILY = "1,2";
				TEST_HOST = "$(BUILT_PRODUCTS_DIR)/DatePicker.app/DatePicker";
			};
			name = Debug;
		};
		31CD5B1624139C8D009498F1 /* Release */ = {
			isa = XCBuildConfiguration;
			buildSettings = {
				ALWAYS_EMBED_SWIFT_STANDARD_LIBRARIES = YES;
				BUNDLE_LOADER = "$(TEST_HOST)";
				CODE_SIGN_STYLE = Automatic;
				DEVELOPMENT_TEAM = D6Q72QVS55;
				INFOPLIST_FILE = DatePickerTests/Info.plist;
				IPHONEOS_DEPLOYMENT_TARGET = 13.2;
				LD_RUNPATH_SEARCH_PATHS = (
					"$(inherited)",
					"@executable_path/Frameworks",
					"@loader_path/Frameworks",
				);
				PRODUCT_BUNDLE_IDENTIFIER = com.panda.DatePickerTests;
				PRODUCT_NAME = "$(TARGET_NAME)";
				SWIFT_VERSION = 5.0;
				TARGETED_DEVICE_FAMILY = "1,2";
				TEST_HOST = "$(BUILT_PRODUCTS_DIR)/DatePicker.app/DatePicker";
			};
			name = Release;
		};
		31CD5B1824139C8D009498F1 /* Debug */ = {
			isa = XCBuildConfiguration;
			buildSettings = {
				ALWAYS_EMBED_SWIFT_STANDARD_LIBRARIES = YES;
				CODE_SIGN_STYLE = Automatic;
				DEVELOPMENT_TEAM = D6Q72QVS55;
				INFOPLIST_FILE = DatePickerUITests/Info.plist;
				LD_RUNPATH_SEARCH_PATHS = (
					"$(inherited)",
					"@executable_path/Frameworks",
					"@loader_path/Frameworks",
				);
				PRODUCT_BUNDLE_IDENTIFIER = com.panda.DatePickerUITests;
				PRODUCT_NAME = "$(TARGET_NAME)";
				SWIFT_VERSION = 5.0;
				TARGETED_DEVICE_FAMILY = "1,2";
				TEST_TARGET_NAME = DatePicker;
			};
			name = Debug;
		};
		31CD5B1924139C8D009498F1 /* Release */ = {
			isa = XCBuildConfiguration;
			buildSettings = {
				ALWAYS_EMBED_SWIFT_STANDARD_LIBRARIES = YES;
				CODE_SIGN_STYLE = Automatic;
				DEVELOPMENT_TEAM = D6Q72QVS55;
				INFOPLIST_FILE = DatePickerUITests/Info.plist;
				LD_RUNPATH_SEARCH_PATHS = (
					"$(inherited)",
					"@executable_path/Frameworks",
					"@loader_path/Frameworks",
				);
				PRODUCT_BUNDLE_IDENTIFIER = com.panda.DatePickerUITests;
				PRODUCT_NAME = "$(TARGET_NAME)";
				SWIFT_VERSION = 5.0;
				TARGETED_DEVICE_FAMILY = "1,2";
				TEST_TARGET_NAME = DatePicker;
			};
			name = Release;
		};
/* End XCBuildConfiguration section */

/* Begin XCConfigurationList section */
		31CD5AE224139C8C009498F1 /* Build configuration list for PBXProject "DatePicker" */ = {
			isa = XCConfigurationList;
			buildConfigurations = (
				31CD5B0F24139C8D009498F1 /* Debug */,
				31CD5B1024139C8D009498F1 /* Release */,
			);
			defaultConfigurationIsVisible = 0;
			defaultConfigurationName = Release;
		};
		31CD5B1124139C8D009498F1 /* Build configuration list for PBXNativeTarget "DatePicker" */ = {
			isa = XCConfigurationList;
			buildConfigurations = (
				31CD5B1224139C8D009498F1 /* Debug */,
				31CD5B1324139C8D009498F1 /* Release */,
			);
			defaultConfigurationIsVisible = 0;
			defaultConfigurationName = Release;
		};
		31CD5B1424139C8D009498F1 /* Build configuration list for PBXNativeTarget "DatePickerTests" */ = {
			isa = XCConfigurationList;
			buildConfigurations = (
				31CD5B1524139C8D009498F1 /* Debug */,
				31CD5B1624139C8D009498F1 /* Release */,
			);
			defaultConfigurationIsVisible = 0;
			defaultConfigurationName = Release;
		};
		31CD5B1724139C8D009498F1 /* Build configuration list for PBXNativeTarget "DatePickerUITests" */ = {
			isa = XCConfigurationList;
			buildConfigurations = (
				31CD5B1824139C8D009498F1 /* Debug */,
				31CD5B1924139C8D009498F1 /* Release */,
			);
			defaultConfigurationIsVisible = 0;
			defaultConfigurationName = Release;
		};
/* End XCConfigurationList section */
	};
	rootObject = 31CD5ADF24139C8C009498F1 /* Project object */;
}
