// !$*UTF8*$!
{
	archiveVersion = 1;
	classes = {
	};
	objectVersion = 51;
	objects = {

/* Begin PBXBuildFile section */
		31200752243BCD3700A30B7B /* Localizable.strings in Resources */ = {isa = PBXBuildFile; fileRef = 31200754243BCD3700A30B7B /* Localizable.strings */; };
		31200757243BE86F00A30B7B /* LocalizationSystem.swift in Sources */ = {isa = PBXBuildFile; fileRef = 31200756243BE86F00A30B7B /* LocalizationSystem.swift */; };
		31200759243BF75900A30B7B /* Second.swift in Sources */ = {isa = PBXBuildFile; fileRef = 31200758243BF75900A30B7B /* Second.swift */; };
		3133F6B8242D062800F33119 /* AppDelegate.swift in Sources */ = {isa = PBXBuildFile; fileRef = 3133F6B7242D062800F33119 /* AppDelegate.swift */; };
		3133F6BA242D062800F33119 /* SceneDelegate.swift in Sources */ = {isa = PBXBuildFile; fileRef = 3133F6B9242D062800F33119 /* SceneDelegate.swift */; };
		3133F6BC242D062800F33119 /* ViewController.swift in Sources */ = {isa = PBXBuildFile; fileRef = 3133F6BB242D062800F33119 /* ViewController.swift */; };
		3133F6BF242D062800F33119 /* Main.storyboard in Resources */ = {isa = PBXBuildFile; fileRef = 3133F6BD242D062800F33119 /* Main.storyboard */; };
		3133F6C1242D062900F33119 /* Assets.xcassets in Resources */ = {isa = PBXBuildFile; fileRef = 3133F6C0242D062900F33119 /* Assets.xcassets */; };
		3133F6C4242D062900F33119 /* LaunchScreen.storyboard in Resources */ = {isa = PBXBuildFile; fileRef = 3133F6C2242D062900F33119 /* LaunchScreen.storyboard */; };
		E7DF3524590A0F0FA20E5840 /* Pods_Localization.framework in Frameworks */ = {isa = PBXBuildFile; fileRef = 44A6EF1F379503CF9B3B1F93 /* Pods_Localization.framework */; };
/* End PBXBuildFile section */

/* Begin PBXFileReference section */
		31200744243B572100A30B7B /* tr */ = {isa = PBXFileReference; lastKnownFileType = text.plist.strings; name = tr; path = tr.lproj/Main.strings; sourceTree = "<group>"; };
		31200745243B572200A30B7B /* tr */ = {isa = PBXFileReference; lastKnownFileType = text.plist.strings; name = tr; path = tr.lproj/LaunchScreen.strings; sourceTree = "<group>"; };
		31200749243B5DE800A30B7B /* en */ = {isa = PBXFileReference; lastKnownFileType = text.plist.strings; name = en; path = en.lproj/Main.strings; sourceTree = "<group>"; };
		31200753243BCD3700A30B7B /* en */ = {isa = PBXFileReference; lastKnownFileType = text.plist.strings; name = en; path = en.lproj/Localizable.strings; sourceTree = "<group>"; };
		31200755243BCD3900A30B7B /* tr */ = {isa = PBXFileReference; lastKnownFileType = text.plist.strings; name = tr; path = tr.lproj/Localizable.strings; sourceTree = "<group>"; };
		31200756243BE86F00A30B7B /* LocalizationSystem.swift */ = {isa = PBXFileReference; lastKnownFileType = sourcecode.swift; path = LocalizationSystem.swift; sourceTree = "<group>"; };
		31200758243BF75900A30B7B /* Second.swift */ = {isa = PBXFileReference; lastKnownFileType = sourcecode.swift; path = Second.swift; sourceTree = "<group>"; };
		3133F6B4242D062800F33119 /* Localization.app */ = {isa = PBXFileReference; explicitFileType = wrapper.application; includeInIndex = 0; path = Localization.app; sourceTree = BUILT_PRODUCTS_DIR; };
		3133F6B7242D062800F33119 /* AppDelegate.swift */ = {isa = PBXFileReference; lastKnownFileType = sourcecode.swift; path = AppDelegate.swift; sourceTree = "<group>"; };
		3133F6B9242D062800F33119 /* SceneDelegate.swift */ = {isa = PBXFileReference; lastKnownFileType = sourcecode.swift; path = SceneDelegate.swift; sourceTree = "<group>"; };
		3133F6BB242D062800F33119 /* ViewController.swift */ = {isa = PBXFileReference; lastKnownFileType = sourcecode.swift; path = ViewController.swift; sourceTree = "<group>"; };
		3133F6BE242D062800F33119 /* Base */ = {isa = PBXFileReference; lastKnownFileType = file.storyboard; name = Base; path = Base.lproj/Main.storyboard; sourceTree = "<group>"; };
		3133F6C0242D062900F33119 /* Assets.xcassets */ = {isa = PBXFileReference; lastKnownFileType = folder.assetcatalog; path = Assets.xcassets; sourceTree = "<group>"; };
		3133F6C3242D062900F33119 /* Base */ = {isa = PBXFileReference; lastKnownFileType = file.storyboard; name = Base; path = Base.lproj/LaunchScreen.storyboard; sourceTree = "<group>"; };
		3133F6C5242D062900F33119 /* Info.plist */ = {isa = PBXFileReference; lastKnownFileType = text.plist.xml; path = Info.plist; sourceTree = "<group>"; };
		44A6EF1F379503CF9B3B1F93 /* Pods_Localization.framework */ = {isa = PBXFileReference; explicitFileType = wrapper.framework; includeInIndex = 0; path = Pods_Localization.framework; sourceTree = BUILT_PRODUCTS_DIR; };
		7897BC6AC21B5E229C57D907 /* Pods-Localization.release.xcconfig */ = {isa = PBXFileReference; includeInIndex = 1; lastKnownFileType = text.xcconfig; name = "Pods-Localization.release.xcconfig"; path = "Target Support Files/Pods-Localization/Pods-Localization.release.xcconfig"; sourceTree = "<group>"; };
		7D09A1C139FB2AAE1905520C /* Pods-Localization.debug.xcconfig */ = {isa = PBXFileReference; includeInIndex = 1; lastKnownFileType = text.xcconfig; name = "Pods-Localization.debug.xcconfig"; path = "Target Support Files/Pods-Localization/Pods-Localization.debug.xcconfig"; sourceTree = "<group>"; };
/* End PBXFileReference section */

/* Begin PBXFrameworksBuildPhase section */
		3133F6B1242D062800F33119 /* Frameworks */ = {
			isa = PBXFrameworksBuildPhase;
			buildActionMask = 2147483647;
			files = (
				E7DF3524590A0F0FA20E5840 /* Pods_Localization.framework in Frameworks */,
			);
			runOnlyForDeploymentPostprocessing = 0;
		};
/* End PBXFrameworksBuildPhase section */

/* Begin PBXGroup section */
		3133F6AB242D062800F33119 = {
			isa = PBXGroup;
			children = (
				3133F6B6242D062800F33119 /* Localization */,
				3133F6B5242D062800F33119 /* Products */,
				9D1CC4E86EA169A24C89F0C2 /* Pods */,
				3C6A29C756926618D256DB28 /* Frameworks */,
			);
			sourceTree = "<group>";
		};
		3133F6B5242D062800F33119 /* Products */ = {
			isa = PBXGroup;
			children = (
				3133F6B4242D062800F33119 /* Localization.app */,
			);
			name = Products;
			sourceTree = "<group>";
		};
		3133F6B6242D062800F33119 /* Localization */ = {
			isa = PBXGroup;
			children = (
				3133F6B7242D062800F33119 /* AppDelegate.swift */,
				3133F6B9242D062800F33119 /* SceneDelegate.swift */,
				3133F6BB242D062800F33119 /* ViewController.swift */,
				3133F6BD242D062800F33119 /* Main.storyboard */,
				3133F6C0242D062900F33119 /* Assets.xcassets */,
				3133F6C2242D062900F33119 /* LaunchScreen.storyboard */,
				3133F6C5242D062900F33119 /* Info.plist */,
				31200754243BCD3700A30B7B /* Localizable.strings */,
				31200756243BE86F00A30B7B /* LocalizationSystem.swift */,
				31200758243BF75900A30B7B /* Second.swift */,
			);
			path = Localization;
			sourceTree = "<group>";
		};
		3C6A29C756926618D256DB28 /* Frameworks */ = {
			isa = PBXGroup;
			children = (
				44A6EF1F379503CF9B3B1F93 /* Pods_Localization.framework */,
			);
			name = Frameworks;
			sourceTree = "<group>";
		};
		9D1CC4E86EA169A24C89F0C2 /* Pods */ = {
			isa = PBXGroup;
			children = (
				7D09A1C139FB2AAE1905520C /* Pods-Localization.debug.xcconfig */,
				7897BC6AC21B5E229C57D907 /* Pods-Localization.release.xcconfig */,
			);
			path = Pods;
			sourceTree = "<group>";
		};
/* End PBXGroup section */

/* Begin PBXNativeTarget section */
		3133F6B3242D062800F33119 /* Localization */ = {
			isa = PBXNativeTarget;
			buildConfigurationList = 3133F6C8242D062900F33119 /* Build configuration list for PBXNativeTarget "Localization" */;
			buildPhases = (
				19BF32422567E59ACE44BCD6 /* [CP] Check Pods Manifest.lock */,
				3133F6B0242D062800F33119 /* Sources */,
				3133F6B1242D062800F33119 /* Frameworks */,
				3133F6B2242D062800F33119 /* Resources */,
				C7C92FC979E8EFD08EA83493 /* [CP] Embed Pods Frameworks */,
			);
			buildRules = (
			);
			dependencies = (
			);
			name = Localization;
			productName = Localization;
			productReference = 3133F6B4242D062800F33119 /* Localization.app */;
			productType = "com.apple.product-type.application";
		};
/* End PBXNativeTarget section */

/* Begin PBXProject section */
		3133F6AC242D062800F33119 /* Project object */ = {
			isa = PBXProject;
			attributes = {
				LastSwiftUpdateCheck = 1140;
				LastUpgradeCheck = 1140;
				ORGANIZATIONNAME = panda;
				TargetAttributes = {
					3133F6B3242D062800F33119 = {
						CreatedOnToolsVersion = 11.4;
					};
				};
			};
			buildConfigurationList = 3133F6AF242D062800F33119 /* Build configuration list for PBXProject "Localization" */;
			compatibilityVersion = "Xcode 9.3";
			developmentRegion = en;
			hasScannedForEncodings = 0;
			knownRegions = (
				en,
				Base,
				tr,
			);
			mainGroup = 3133F6AB242D062800F33119;
			productRefGroup = 3133F6B5242D062800F33119 /* Products */;
			projectDirPath = "";
			projectRoot = "";
			targets = (
				3133F6B3242D062800F33119 /* Localization */,
			);
		};
/* End PBXProject section */

/* Begin PBXResourcesBuildPhase section */
		3133F6B2242D062800F33119 /* Resources */ = {
			isa = PBXResourcesBuildPhase;
			buildActionMask = 2147483647;
			files = (
				3133F6C4242D062900F33119 /* LaunchScreen.storyboard in Resources */,
				31200752243BCD3700A30B7B /* Localizable.strings in Resources */,
				3133F6C1242D062900F33119 /* Assets.xcassets in Resources */,
				3133F6BF242D062800F33119 /* Main.storyboard in Resources */,
			);
			runOnlyForDeploymentPostprocessing = 0;
		};
/* End PBXResourcesBuildPhase section */

/* Begin PBXShellScriptBuildPhase section */
		19BF32422567E59ACE44BCD6 /* [CP] Check Pods Manifest.lock */ = {
			isa = PBXShellScriptBuildPhase;
			buildActionMask = 2147483647;
			files = (
			);
			inputFileListPaths = (
			);
			inputPaths = (
				"${PODS_PODFILE_DIR_PATH}/Podfile.lock",
				"${PODS_ROOT}/Manifest.lock",
			);
			name = "[CP] Check Pods Manifest.lock";
			outputFileListPaths = (
			);
			outputPaths = (
				"$(DERIVED_FILE_DIR)/Pods-Localization-checkManifestLockResult.txt",
			);
			runOnlyForDeploymentPostprocessing = 0;
			shellPath = /bin/sh;
			shellScript = "diff \"${PODS_PODFILE_DIR_PATH}/Podfile.lock\" \"${PODS_ROOT}/Manifest.lock\" > /dev/null\nif [ $? != 0 ] ; then\n    # print error to STDERR\n    echo \"error: The sandbox is not in sync with the Podfile.lock. Run 'pod install' or update your CocoaPods installation.\" >&2\n    exit 1\nfi\n# This output is used by Xcode 'outputs' to avoid re-running this script phase.\necho \"SUCCESS\" > \"${SCRIPT_OUTPUT_FILE_0}\"\n";
			showEnvVarsInLog = 0;
		};
		C7C92FC979E8EFD08EA83493 /* [CP] Embed Pods Frameworks */ = {
			isa = PBXShellScriptBuildPhase;
			buildActionMask = 2147483647;
			files = (
			);
			inputFileListPaths = (
				"${PODS_ROOT}/Target Support Files/Pods-Localization/Pods-Localization-frameworks-${CONFIGURATION}-input-files.xcfilelist",
			);
			name = "[CP] Embed Pods Frameworks";
			outputFileListPaths = (
				"${PODS_ROOT}/Target Support Files/Pods-Localization/Pods-Localization-frameworks-${CONFIGURATION}-output-files.xcfilelist",
			);
			runOnlyForDeploymentPostprocessing = 0;
			shellPath = /bin/sh;
			shellScript = "\"${PODS_ROOT}/Target Support Files/Pods-Localization/Pods-Localization-frameworks.sh\"\n";
			showEnvVarsInLog = 0;
		};
/* End PBXShellScriptBuildPhase section */

/* Begin PBXSourcesBuildPhase section */
		3133F6B0242D062800F33119 /* Sources */ = {
			isa = PBXSourcesBuildPhase;
			buildActionMask = 2147483647;
			files = (
				3133F6BC242D062800F33119 /* ViewController.swift in Sources */,
				31200757243BE86F00A30B7B /* LocalizationSystem.swift in Sources */,
				31200759243BF75900A30B7B /* Second.swift in Sources */,
				3133F6B8242D062800F33119 /* AppDelegate.swift in Sources */,
				3133F6BA242D062800F33119 /* SceneDelegate.swift in Sources */,
			);
			runOnlyForDeploymentPostprocessing = 0;
		};
/* End PBXSourcesBuildPhase section */

/* Begin PBXVariantGroup section */
		31200754243BCD3700A30B7B /* Localizable.strings */ = {
			isa = PBXVariantGroup;
			children = (
				31200753243BCD3700A30B7B /* en */,
				31200755243BCD3900A30B7B /* tr */,
			);
			name = Localizable.strings;
			sourceTree = "<group>";
		};
		3133F6BD242D062800F33119 /* Main.storyboard */ = {
			isa = PBXVariantGroup;
			children = (
				3133F6BE242D062800F33119 /* Base */,
				31200744243B572100A30B7B /* tr */,
				31200749243B5DE800A30B7B /* en */,
			);
			name = Main.storyboard;
			sourceTree = "<group>";
		};
		3133F6C2242D062900F33119 /* LaunchScreen.storyboard */ = {
			isa = PBXVariantGroup;
			children = (
				3133F6C3242D062900F33119 /* Base */,
				31200745243B572200A30B7B /* tr */,
			);
			name = LaunchScreen.storyboard;
			sourceTree = "<group>";
		};
/* End PBXVariantGroup section */

/* Begin XCBuildConfiguration section */
		3133F6C6242D062900F33119 /* Debug */ = {
			isa = XCBuildConfiguration;
			buildSettings = {
				ALWAYS_SEARCH_USER_PATHS = NO;
				CLANG_ANALYZER_LOCALIZABILITY_NONLOCALIZED = YES;
				CLANG_ANALYZER_NONNULL = YES;
				CLANG_ANALYZER_NUMBER_OBJECT_CONVERSION = YES_AGGRESSIVE;
				CLANG_CXX_LANGUAGE_STANDARD = "gnu++14";
				CLANG_CXX_LIBRARY = "libc++";
				CLANG_ENABLE_MODULES = YES;
				CLANG_ENABLE_OBJC_ARC = YES;
				CLANG_ENABLE_OBJC_WEAK = YES;
				CLANG_WARN_BLOCK_CAPTURE_AUTORELEASING = YES;
				CLANG_WARN_BOOL_CONVERSION = YES;
				CLANG_WARN_COMMA = YES;
				CLANG_WARN_CONSTANT_CONVERSION = YES;
				CLANG_WARN_DEPRECATED_OBJC_IMPLEMENTATIONS = YES;
				CLANG_WARN_DIRECT_OBJC_ISA_USAGE = YES_ERROR;
				CLANG_WARN_DOCUMENTATION_COMMENTS = YES;
				CLANG_WARN_EMPTY_BODY = YES;
				CLANG_WARN_ENUM_CONVERSION = YES;
				CLANG_WARN_INFINITE_RECURSION = YES;
				CLANG_WARN_INT_CONVERSION = YES;
				CLANG_WARN_NON_LITERAL_NULL_CONVERSION = YES;
				CLANG_WARN_OBJC_IMPLICIT_RETAIN_SELF = YES;
				CLANG_WARN_OBJC_LITERAL_CONVERSION = YES;
				CLANG_WARN_OBJC_ROOT_CLASS = YES_ERROR;
				CLANG_WARN_RANGE_LOOP_ANALYSIS = YES;
				CLANG_WARN_STRICT_PROTOTYPES = YES;
				CLANG_WARN_SUSPICIOUS_MOVE = YES;
				CLANG_WARN_UNGUARDED_AVAILABILITY = YES_AGGRESSIVE;
				CLANG_WARN_UNREACHABLE_CODE = YES;
				CLANG_WARN__DUPLICATE_METHOD_MATCH = YES;
				COPY_PHASE_STRIP = NO;
				DEBUG_INFORMATION_FORMAT = dwarf;
				ENABLE_STRICT_OBJC_MSGSEND = YES;
				ENABLE_TESTABILITY = YES;
				GCC_C_LANGUAGE_STANDARD = gnu11;
				GCC_DYNAMIC_NO_PIC = NO;
				GCC_NO_COMMON_BLOCKS = YES;
				GCC_OPTIMIZATION_LEVEL = 0;
				GCC_PREPROCESSOR_DEFINITIONS = (
					"DEBUG=1",
					"$(inherited)",
				);
				GCC_WARN_64_TO_32_BIT_CONVERSION = YES;
				GCC_WARN_ABOUT_RETURN_TYPE = YES_ERROR;
				GCC_WARN_UNDECLARED_SELECTOR = YES;
				GCC_WARN_UNINITIALIZED_AUTOS = YES_AGGRESSIVE;
				GCC_WARN_UNUSED_FUNCTION = YES;
				GCC_WARN_UNUSED_VARIABLE = YES;
				IPHONEOS_DEPLOYMENT_TARGET = 13.4;
				MTL_ENABLE_DEBUG_INFO = INCLUDE_SOURCE;
				MTL_FAST_MATH = YES;
				ONLY_ACTIVE_ARCH = YES;
				SDKROOT = iphoneos;
				SWIFT_ACTIVE_COMPILATION_CONDITIONS = DEBUG;
				SWIFT_OPTIMIZATION_LEVEL = "-Onone";
			};
			name = Debug;
		};
		3133F6C7242D062900F33119 /* Release */ = {
			isa = XCBuildConfiguration;
			buildSettings = {
				ALWAYS_SEARCH_USER_PATHS = NO;
				CLANG_ANALYZER_LOCALIZABILITY_NONLOCALIZED = YES;
				CLANG_ANALYZER_NONNULL = YES;
				CLANG_ANALYZER_NUMBER_OBJECT_CONVERSION = YES_AGGRESSIVE;
				CLANG_CXX_LANGUAGE_STANDARD = "gnu++14";
				CLANG_CXX_LIBRARY = "libc++";
				CLANG_ENABLE_MODULES = YES;
				CLANG_ENABLE_OBJC_ARC = YES;
				CLANG_ENABLE_OBJC_WEAK = YES;
				CLANG_WARN_BLOCK_CAPTURE_AUTORELEASING = YES;
				CLANG_WARN_BOOL_CONVERSION = YES;
				CLANG_WARN_COMMA = YES;
				CLANG_WARN_CONSTANT_CONVERSION = YES;
				CLANG_WARN_DEPRECATED_OBJC_IMPLEMENTATIONS = YES;
				CLANG_WARN_DIRECT_OBJC_ISA_USAGE = YES_ERROR;
				CLANG_WARN_DOCUMENTATION_COMMENTS = YES;
				CLANG_WARN_EMPTY_BODY = YES;
				CLANG_WARN_ENUM_CONVERSION = YES;
				CLANG_WARN_INFINITE_RECURSION = YES;
				CLANG_WARN_INT_CONVERSION = YES;
				CLANG_WARN_NON_LITERAL_NULL_CONVERSION = YES;
				CLANG_WARN_OBJC_IMPLICIT_RETAIN_SELF = YES;
				CLANG_WARN_OBJC_LITERAL_CONVERSION = YES;
				CLANG_WARN_OBJC_ROOT_CLASS = YES_ERROR;
				CLANG_WARN_RANGE_LOOP_ANALYSIS = YES;
				CLANG_WARN_STRICT_PROTOTYPES = YES;
				CLANG_WARN_SUSPICIOUS_MOVE = YES;
				CLANG_WARN_UNGUARDED_AVAILABILITY = YES_AGGRESSIVE;
				CLANG_WARN_UNREACHABLE_CODE = YES;
				CLANG_WARN__DUPLICATE_METHOD_MATCH = YES;
				COPY_PHASE_STRIP = NO;
				DEBUG_INFORMATION_FORMAT = "dwarf-with-dsym";
				ENABLE_NS_ASSERTIONS = NO;
				ENABLE_STRICT_OBJC_MSGSEND = YES;
				GCC_C_LANGUAGE_STANDARD = gnu11;
				GCC_NO_COMMON_BLOCKS = YES;
				GCC_WARN_64_TO_32_BIT_CONVERSION = YES;
				GCC_WARN_ABOUT_RETURN_TYPE = YES_ERROR;
				GCC_WARN_UNDECLARED_SELECTOR = YES;
				GCC_WARN_UNINITIALIZED_AUTOS = YES_AGGRESSIVE;
				GCC_WARN_UNUSED_FUNCTION = YES;
				GCC_WARN_UNUSED_VARIABLE = YES;
				IPHONEOS_DEPLOYMENT_TARGET = 13.4;
				MTL_ENABLE_DEBUG_INFO = NO;
				MTL_FAST_MATH = YES;
				SDKROOT = iphoneos;
				SWIFT_COMPILATION_MODE = wholemodule;
				SWIFT_OPTIMIZATION_LEVEL = "-O";
				VALIDATE_PRODUCT = YES;
			};
			name = Release;
		};
		3133F6C9242D062900F33119 /* Debug */ = {
			isa = XCBuildConfiguration;
			baseConfigurationReference = 7D09A1C139FB2AAE1905520C /* Pods-Localization.debug.xcconfig */;
			buildSettings = {
				ASSETCATALOG_COMPILER_APPICON_NAME = AppIcon;
				CODE_SIGN_STYLE = Automatic;
				DEVELOPMENT_TEAM = D6Q72QVS55;
				INFOPLIST_FILE = Localization/Info.plist;
				IPHONEOS_DEPLOYMENT_TARGET = 11.0;
				LD_RUNPATH_SEARCH_PATHS = (
					"$(inherited)",
					"@executable_path/Frameworks",
				);
				PRODUCT_BUNDLE_IDENTIFIER = com.tra.Kointra;
				PRODUCT_NAME = "$(TARGET_NAME)";
				SWIFT_VERSION = 5.0;
				TARGETED_DEVICE_FAMILY = 1;
			};
			name = Debug;
		};
		3133F6CA242D062900F33119 /* Release */ = {
			isa = XCBuildConfiguration;
			baseConfigurationReference = 7897BC6AC21B5E229C57D907 /* Pods-Localization.release.xcconfig */;
			buildSettings = {
				ASSETCATALOG_COMPILER_APPICON_NAME = AppIcon;
				CODE_SIGN_STYLE = Automatic;
				DEVELOPMENT_TEAM = D6Q72QVS55;
				INFOPLIST_FILE = Localization/Info.plist;
				IPHONEOS_DEPLOYMENT_TARGET = 11.0;
				LD_RUNPATH_SEARCH_PATHS = (
					"$(inherited)",
					"@executable_path/Frameworks",
				);
				PRODUCT_BUNDLE_IDENTIFIER = com.tra.Kointra;
				PRODUCT_NAME = "$(TARGET_NAME)";
				SWIFT_VERSION = 5.0;
				TARGETED_DEVICE_FAMILY = 1;
			};
			name = Release;
		};
/* End XCBuildConfiguration section */

/* Begin XCConfigurationList section */
		3133F6AF242D062800F33119 /* Build configuration list for PBXProject "Localization" */ = {
			isa = XCConfigurationList;
			buildConfigurations = (
				3133F6C6242D062900F33119 /* Debug */,
				3133F6C7242D062900F33119 /* Release */,
			);
			defaultConfigurationIsVisible = 0;
			defaultConfigurationName = Release;
		};
		3133F6C8242D062900F33119 /* Build configuration list for PBXNativeTarget "Localization" */ = {
			isa = XCConfigurationList;
			buildConfigurations = (
				3133F6C9242D062900F33119 /* Debug */,
				3133F6CA242D062900F33119 /* Release */,
			);
			defaultConfigurationIsVisible = 0;
			defaultConfigurationName = Release;
		};
/* End XCConfigurationList section */
	};
	rootObject = 3133F6AC242D062800F33119 /* Project object */;
}
